Microsoft Visual Studio Solution File, Format Version 12.00
# Visual Studio Version 17
VisualStudioVersion = 17.5.2.0
MinimumVisualStudioVersion = 10.0.40219.1
Project("{FAE04EC0-301F-11D3-BF4B-00C04F79EFBC}") = "program_vecka1", "program_vecka1.csproj", "{587FC85C-6FB2-C3DA-C814-9306EEAB9760}"
EndProject
Global
	GlobalSection(SolutionConfigurationPlatforms) = preSolution
		Debug|Any CPU = Debug|Any CPU
		Release|Any CPU = Release|Any CPU
	EndGlobalSection
	GlobalSection(ProjectConfigurationPlatforms) = postSolution
		{587FC85C-6FB2-C3DA-C814-9306EEAB9760}.Debug|Any CPU.ActiveCfg = Debug|Any CPU
		{587FC85C-6FB2-C3DA-C814-9306EEAB9760}.Debug|Any CPU.Build.0 = Debug|Any CPU
		{587FC85C-6FB2-C3DA-C814-9306EEAB9760}.Release|Any CPU.ActiveCfg = Release|Any CPU
		{587FC85C-6FB2-C3DA-C814-9306EEAB9760}.Release|Any CPU.Build.0 = Release|Any CPU
	EndGlobalSection
	GlobalSection(SolutionProperties) = preSolution
		HideSolutionNode = FALSE
	EndGlobalSection
	GlobalSection(ExtensibilityGlobals) = postSolution
		SolutionGuid = {87536C64-7941-494D-A237-C7D1C6C6AA7F}
	EndGlobalSection
EndGlobal
